// !$*UTF8*$!
{
	archiveVersion = 1;
	classes = {
	};
	objectVersion = 48;
	objects = {

/* Begin PBXBuildFile section */
		C5A51C4E1FBDD314006F3482 /* AppDelegate.swift in Sources */ = {isa = PBXBuildFile; fileRef = C5A51C4D1FBDD314006F3482 /* AppDelegate.swift */; };
		C5A51C501FBDD314006F3482 /* ViewController.swift in Sources */ = {isa = PBXBuildFile; fileRef = C5A51C4F1FBDD314006F3482 /* ViewController.swift */; };
		C5A51C531FBDD314006F3482 /* Main.storyboard in Resources */ = {isa = PBXBuildFile; fileRef = C5A51C511FBDD314006F3482 /* Main.storyboard */; };
		C5A51C551FBDD314006F3482 /* Assets.xcassets in Resources */ = {isa = PBXBuildFile; fileRef = C5A51C541FBDD314006F3482 /* Assets.xcassets */; };
		C5A51C581FBDD314006F3482 /* LaunchScreen.storyboard in Resources */ = {isa = PBXBuildFile; fileRef = C5A51C561FBDD314006F3482 /* LaunchScreen.storyboard */; };
		C5A51C601FBDD381006F3482 /* JailBrokenChecker.swift in Sources */ = {isa = PBXBuildFile; fileRef = C5A51C5F1FBDD380006F3482 /* JailBrokenChecker.swift */; };
/* End PBXBuildFile section */

/* Begin PBXFileReference section */
		C5A51C4A1FBDD314006F3482 /* JailBrokenCheckerProject.app */ = {isa = PBXFileReference; explicitFileType = wrapper.application; includeInIndex = 0; path = JailBrokenCheckerProject.app; sourceTree = BUILT_PRODUCTS_DIR; };
		C5A51C4D1FBDD314006F3482 /* AppDelegate.swift */ = {isa = PBXFileReference; lastKnownFileType = sourcecode.swift; path = AppDelegate.swift; sourceTree = "<group>"; };
		C5A51C4F1FBDD314006F3482 /* ViewController.swift */ = {isa = PBXFileReference; lastKnownFileType = sourcecode.swift; path = ViewController.swift; sourceTree = "<group>"; };
		C5A51C521FBDD314006F3482 /* Base */ = {isa = PBXFileReference; lastKnownFileType = file.storyboard; name = Base; path = Base.lproj/Main.storyboard; sourceTree = "<group>"; };
		C5A51C541FBDD314006F3482 /* Assets.xcassets */ = {isa = PBXFileReference; lastKnownFileType = folder.assetcatalog; path = Assets.xcassets; sourceTree = "<group>"; };
		C5A51C571FBDD314006F3482 /* Base */ = {isa = PBXFileReference; lastKnownFileType = file.storyboard; name = Base; path = Base.lproj/LaunchScreen.storyboard; sourceTree = "<group>"; };
		C5A51C591FBDD314006F3482 /* Info.plist */ = {isa = PBXFileReference; lastKnownFileType = text.plist.xml; path = Info.plist; sourceTree = "<group>"; };
		C5A51C5F1FBDD380006F3482 /* JailBrokenChecker.swift */ = {isa = PBXFileReference; fileEncoding = 4; lastKnownFileType = sourcecode.swift; path = JailBrokenChecker.swift; sourceTree = "<group>"; };
/* End PBXFileReference section */

/* Begin PBXFrameworksBuildPhase section */
		C5A51C471FBDD314006F3482 /* Frameworks */ = {
			isa = PBXFrameworksBuildPhase;
			buildActionMask = 2147483647;
			files = (
			);
			runOnlyForDeploymentPostprocessing = 0;
		};
/* End PBXFrameworksBuildPhase section */

/* Begin PBXGroup section */
		C5A51C411FBDD314006F3482 = {
			isa = PBXGroup;
			children = (
				C5A51C4C1FBDD314006F3482 /* JailBrokenCheckerProject */,
				C5A51C4B1FBDD314006F3482 /* Products */,
			);
			sourceTree = "<group>";
		};
		C5A51C4B1FBDD314006F3482 /* Products */ = {
			isa = PBXGroup;
			children = (
				C5A51C4A1FBDD314006F3482 /* JailBrokenCheckerProject.app */,
			);
			name = Products;
			sourceTree = "<group>";
		};
		C5A51C4C1FBDD314006F3482 /* JailBrokenCheckerProject */ = {
			isa = PBXGroup;
			children = (
				C5A51C4D1FBDD314006F3482 /* AppDelegate.swift */,
				C5A51C5F1FBDD380006F3482 /* JailBrokenChecker.swift */,
				C5A51C4F1FBDD314006F3482 /* ViewController.swift */,
				C5A51C511FBDD314006F3482 /* Main.storyboard */,
				C5A51C541FBDD314006F3482 /* Assets.xcassets */,
				C5A51C561FBDD314006F3482 /* LaunchScreen.storyboard */,
				C5A51C591FBDD314006F3482 /* Info.plist */,
			);
			path = JailBrokenCheckerProject;
			sourceTree = "<group>";
		};
/* End PBXGroup section */

/* Begin PBXNativeTarget section */
		C5A51C491FBDD314006F3482 /* JailBrokenCheckerProject */ = {
			isa = PBXNativeTarget;
			buildConfigurationList = C5A51C5C1FBDD314006F3482 /* Build configuration list for PBXNativeTarget "JailBrokenCheckerProject" */;
			buildPhases = (
				C5A51C461FBDD314006F3482 /* Sources */,
				C5A51C471FBDD314006F3482 /* Frameworks */,
				C5A51C481FBDD314006F3482 /* Resources */,
			);
			buildRules = (
			);
			dependencies = (
			);
			name = JailBrokenCheckerProject;
			productName = JailBrokenCheckerProject;
			productReference = C5A51C4A1FBDD314006F3482 /* JailBrokenCheckerProject.app */;
			productType = "com.apple.product-type.application";
		};
/* End PBXNativeTarget section */

/* Begin PBXProject section */
		C5A51C421FBDD314006F3482 /* Project object */ = {
			isa = PBXProject;
			attributes = {
				LastSwiftUpdateCheck = 0910;
				LastUpgradeCheck = 0910;
				ORGANIZATIONNAME = KarmaAdam;
				TargetAttributes = {
					C5A51C491FBDD314006F3482 = {
						CreatedOnToolsVersion = 9.1;
						ProvisioningStyle = Automatic;
					};
				};
			};
			buildConfigurationList = C5A51C451FBDD314006F3482 /* Build configuration list for PBXProject "JailBrokenCheckerProject" */;
			compatibilityVersion = "Xcode 8.0";
			developmentRegion = en;
			hasScannedForEncodings = 0;
			knownRegions = (
				en,
				Base,
			);
			mainGroup = C5A51C411FBDD314006F3482;
			productRefGroup = C5A51C4B1FBDD314006F3482 /* Products */;
			projectDirPath = "";
			projectRoot = "";
			targets = (
				C5A51C491FBDD314006F3482 /* JailBrokenCheckerProject */,
			);
		};
/* End PBXProject section */

/* Begin PBXResourcesBuildPhase section */
		C5A51C481FBDD314006F3482 /* Resources */ = {
			isa = PBXResourcesBuildPhase;
			buildActionMask = 2147483647;
			files = (
				C5A51C581FBDD314006F3482 /* LaunchScreen.storyboard in Resources */,
				C5A51C551FBDD314006F3482 /* Assets.xcassets in Resources */,
				C5A51C531FBDD314006F3482 /* Main.storyboard in Resources */,
			);
			runOnlyForDeploymentPostprocessing = 0;
		};
/* End PBXResourcesBuildPhase section */

/* Begin PBXSourcesBuildPhase section */
		C5A51C461FBDD314006F3482 /* Sources */ = {
			isa = PBXSourcesBuildPhase;
			buildActionMask = 2147483647;
			files = (
				C5A51C601FBDD381006F3482 /* JailBrokenChecker.swift in Sources */,
				C5A51C501FBDD314006F3482 /* ViewController.swift in Sources */,
				C5A51C4E1FBDD314006F3482 /* AppDelegate.swift in Sources */,
			);
			runOnlyForDeploymentPostprocessing = 0;
		};
/* End PBXSourcesBuildPhase section */

/* Begin PBXVariantGroup section */
		C5A51C511FBDD314006F3482 /* Main.storyboard */ = {
			isa = PBXVariantGroup;
			children = (
				C5A51C521FBDD314006F3482 /* Base */,
			);
			name = Main.storyboard;
			sourceTree = "<group>";
		};
		C5A51C561FBDD314006F3482 /* LaunchScreen.storyboard */ = {
			isa = PBXVariantGroup;
			children = (
				C5A51C571FBDD314006F3482 /* Base */,
			);
			name = LaunchScreen.storyboard;
			sourceTree = "<group>";
		};
/* End PBXVariantGroup section */

/* Begin XCBuildConfiguration section */
		C5A51C5A1FBDD314006F3482 /* Debug */ = {
			isa = XCBuildConfiguration;
			buildSettings = {
				ALWAYS_SEARCH_USER_PATHS = NO;
				CLANG_ANALYZER_NONNULL = YES;
				CLANG_ANALYZER_NUMBER_OBJECT_CONVERSION = YES_AGGRESSIVE;
				CLANG_CXX_LANGUAGE_STANDARD = "gnu++14";
				CLANG_CXX_LIBRARY = "libc++";
				CLANG_ENABLE_MODULES = YES;
				CLANG_ENABLE_OBJC_ARC = YES;
				CLANG_WARN_BLOCK_CAPTURE_AUTORELEASING = YES;
				CLANG_WARN_BOOL_CONVERSION = YES;
				CLANG_WARN_COMMA = YES;
				CLANG_WARN_CONSTANT_CONVERSION = YES;
				CLANG_WARN_DIRECT_OBJC_ISA_USAGE = YES_ERROR;
				CLANG_WARN_DOCUMENTATION_COMMENTS = YES;
				CLANG_WARN_EMPTY_BODY = YES;
				CLANG_WARN_ENUM_CONVERSION = YES;
				CLANG_WARN_INFINITE_RECURSION = YES;
				CLANG_WARN_INT_CONVERSION = YES;
				CLANG_WARN_NON_LITERAL_NULL_CONVERSION = YES;
				CLANG_WARN_OBJC_LITERAL_CONVERSION = YES;
				CLANG_WARN_OBJC_ROOT_CLASS = YES_ERROR;
				CLANG_WARN_RANGE_LOOP_ANALYSIS = YES;
				CLANG_WARN_STRICT_PROTOTYPES = YES;
				CLANG_WARN_SUSPICIOUS_MOVE = YES;
				CLANG_WARN_UNGUARDED_AVAILABILITY = YES_AGGRESSIVE;
				CLANG_WARN_UNREACHABLE_CODE = YES;
				CLANG_WARN__DUPLICATE_METHOD_MATCH = YES;
				CODE_SIGN_IDENTITY = "iPhone Developer";
				COPY_PHASE_STRIP = NO;
				DEBUG_INFORMATION_FORMAT = dwarf;
				ENABLE_STRICT_OBJC_MSGSEND = YES;
				ENABLE_TESTABILITY = YES;
				GCC_C_LANGUAGE_STANDARD = gnu11;
				GCC_DYNAMIC_NO_PIC = NO;
				GCC_NO_COMMON_BLOCKS = YES;
				GCC_OPTIMIZATION_LEVEL = 0;
				GCC_PREPROCESSOR_DEFINITIONS = (
					"DEBUG=1",
					"$(inherited)",
				);
				GCC_WARN_64_TO_32_BIT_CONVERSION = YES;
				GCC_WARN_ABOUT_RETURN_TYPE = YES_ERROR;
				GCC_WARN_UNDECLARED_SELECTOR = YES;
				GCC_WARN_UNINITIALIZED_AUTOS = YES_AGGRESSIVE;
				GCC_WARN_UNUSED_FUNCTION = YES;
				GCC_WARN_UNUSED_VARIABLE = YES;
				IPHONEOS_DEPLOYMENT_TARGET = 11.1;
				MTL_ENABLE_DEBUG_INFO = YES;
				ONLY_ACTIVE_ARCH = YES;
				SDKROOT = iphoneos;
				SWIFT_ACTIVE_COMPILATION_CONDITIONS = DEBUG;
				SWIFT_OPTIMIZATION_LEVEL = "-Onone";
			};
			name = Debug;
		};
		C5A51C5B1FBDD314006F3482 /* Release */ = {
			isa = XCBuildConfiguration;
			buildSettings = {
				ALWAYS_SEARCH_USER_PATHS = NO;
				CLANG_ANALYZER_NONNULL = YES;
				CLANG_ANALYZER_NUMBER_OBJECT_CONVERSION = YES_AGGRESSIVE;
				CLANG_CXX_LANGUAGE_STANDARD = "gnu++14";
				CLANG_CXX_LIBRARY = "libc++";
				CLANG_ENABLE_MODULES = YES;
				CLANG_ENABLE_OBJC_ARC = YES;
				CLANG_WARN_BLOCK_CAPTURE_AUTORELEASING = YES;
				CLANG_WARN_BOOL_CONVERSION = YES;
				CLANG_WARN_COMMA = YES;
				CLANG_WARN_CONSTANT_CONVERSION = YES;
				CLANG_WARN_DIRECT_OBJC_ISA_USAGE = YES_ERROR;
				CLANG_WARN_DOCUMENTATION_COMMENTS = YES;
				CLANG_WARN_EMPTY_BODY = YES;
				CLANG_WARN_ENUM_CONVERSION = YES;
				CLANG_WARN_INFINITE_RECURSION = YES;
				CLANG_WARN_INT_CONVERSION = YES;
				CLANG_WARN_NON_LITERAL_NULL_CONVERSION = YES;
				CLANG_WARN_OBJC_LITERAL_CONVERSION = YES;
				CLANG_WARN_OBJC_ROOT_CLASS = YES_ERROR;
				CLANG_WARN_RANGE_LOOP_ANALYSIS = YES;
				CLANG_WARN_STRICT_PROTOTYPES = YES;
				CLANG_WARN_SUSPICIOUS_MOVE = YES;
				CLANG_WARN_UNGUARDED_AVAILABILITY = YES_AGGRESSIVE;
				CLANG_WARN_UNREACHABLE_CODE = YES;
				CLANG_WARN__DUPLICATE_METHOD_MATCH = YES;
				CODE_SIGN_IDENTITY = "iPhone Developer";
				COPY_PHASE_STRIP = NO;
				DEBUG_INFORMATION_FORMAT = "dwarf-with-dsym";
				ENABLE_NS_ASSERTIONS = NO;
				ENABLE_STRICT_OBJC_MSGSEND = YES;
				GCC_C_LANGUAGE_STANDARD = gnu11;
				GCC_NO_COMMON_BLOCKS = YES;
				GCC_WARN_64_TO_32_BIT_CONVERSION = YES;
				GCC_WARN_ABOUT_RETURN_TYPE = YES_ERROR;
				GCC_WARN_UNDECLARED_SELECTOR = YES;
				GCC_WARN_UNINITIALIZED_AUTOS = YES_AGGRESSIVE;
				GCC_WARN_UNUSED_FUNCTION = YES;
				GCC_WARN_UNUSED_VARIABLE = YES;
				IPHONEOS_DEPLOYMENT_TARGET = 11.1;
				MTL_ENABLE_DEBUG_INFO = NO;
				SDKROOT = iphoneos;
				SWIFT_OPTIMIZATION_LEVEL = "-Owholemodule";
				VALIDATE_PRODUCT = YES;
			};
			name = Release;
		};
		C5A51C5D1FBDD314006F3482 /* Debug */ = {
			isa = XCBuildConfiguration;
			buildSettings = {
				ASSETCATALOG_COMPILER_APPICON_NAME = AppIcon;
				CODE_SIGN_STYLE = Automatic;
				INFOPLIST_FILE = JailBrokenCheckerProject/Info.plist;
				LD_RUNPATH_SEARCH_PATHS = "$(inherited) @executable_path/Frameworks";
				PRODUCT_BUNDLE_IDENTIFIER = KarmaAdam.JailBrokenCheckerProject;
				PRODUCT_NAME = "$(TARGET_NAME)";
				SWIFT_VERSION = 4.0;
				TARGETED_DEVICE_FAMILY = "1,2";
			};
			name = Debug;
		};
		C5A51C5E1FBDD314006F3482 /* Release */ = {
			isa = XCBuildConfiguration;
			buildSettings = {
				ASSETCATALOG_COMPILER_APPICON_NAME = AppIcon;
				CODE_SIGN_STYLE = Automatic;
				INFOPLIST_FILE = JailBrokenCheckerProject/Info.plist;
				LD_RUNPATH_SEARCH_PATHS = "$(inherited) @executable_path/Frameworks";
				PRODUCT_BUNDLE_IDENTIFIER = KarmaAdam.JailBrokenCheckerProject;
				PRODUCT_NAME = "$(TARGET_NAME)";
				SWIFT_VERSION = 4.0;
				TARGETED_DEVICE_FAMILY = "1,2";
			};
			name = Release;
		};
/* End XCBuildConfiguration section */

/* Begin XCConfigurationList section */
		C5A51C451FBDD314006F3482 /* Build configuration list for PBXProject "JailBrokenCheckerProject" */ = {
			isa = XCConfigurationList;
			buildConfigurations = (
				C5A51C5A1FBDD314006F3482 /* Debug */,
				C5A51C5B1FBDD314006F3482 /* Release */,
			);
			defaultConfigurationIsVisible = 0;
			defaultConfigurationName = Release;
		};
		C5A51C5C1FBDD314006F3482 /* Build configuration list for PBXNativeTarget "JailBrokenCheckerProject" */ = {
			isa = XCConfigurationList;
			buildConfigurations = (
				C5A51C5D1FBDD314006F3482 /* Debug */,
				C5A51C5E1FBDD314006F3482 /* Release */,
			);
			defaultConfigurationIsVisible = 0;
			defaultConfigurationName = Release;
		};
/* End XCConfigurationList section */
	};
	rootObject = C5A51C421FBDD314006F3482 /* Project object */;
}
